
Microsoft Visual Studio Solution File, Format Version 12.00
# Visual Studio 2013
VisualStudioVersion = 12.0.0.0
MinimumVisualStudioVersion = 10.0.0.1
Project("{FAE04EC0-301F-11D3-BF4B-00C04F79EFBC}") = "TranslationManagerApi", "TranslationManagerApi/TranslationManagerApi.csproj", "{F35F6018-8F28-48A2-A285-77766192AB8D}"
EndProject
Project("{FAE04EC0-301F-11D3-BF4B-00C04F79EFBC}") = "TranslatonManagerDal", "TranslatonManagerDal\TranslatonManagerDal.csproj", "{4D48BD37-6FE9-4D18-A047-4CE7BB226A2E}"
EndProject
Global
	GlobalSection(SolutionConfigurationPlatforms) = preSolution
		Debug|Any CPU = Debug|Any CPU
		Release|Any CPU = Release|Any CPU
	EndGlobalSection
	GlobalSection(ProjectConfigurationPlatforms) = postSolution
		{F35F6018-8F28-48A2-A285-77766192AB8D}.Debug|Any CPU.ActiveCfg = Debug|Any CPU
		{F35F6018-8F28-48A2-A285-77766192AB8D}.Debug|Any CPU.Build.0 = Debug|Any CPU
		{F35F6018-8F28-48A2-A285-77766192AB8D}.Release|Any CPU.ActiveCfg = Release|Any CPU
		{F35F6018-8F28-48A2-A285-77766192AB8D}.Release|Any CPU.Build.0 = Release|Any CPU
		{4D48BD37-6FE9-4D18-A047-4CE7BB226A2E}.Debug|Any CPU.ActiveCfg = Debug|Any CPU
		{4D48BD37-6FE9-4D18-A047-4CE7BB226A2E}.Debug|Any CPU.Build.0 = Debug|Any CPU
		{4D48BD37-6FE9-4D18-A047-4CE7BB226A2E}.Release|Any CPU.ActiveCfg = Release|Any CPU
		{4D48BD37-6FE9-4D18-A047-4CE7BB226A2E}.Release|Any CPU.Build.0 = Release|Any CPU
	EndGlobalSection
	GlobalSection(SolutionProperties) = preSolution
		HideSolutionNode = FALSE
	EndGlobalSection
EndGlobal
